
Microsoft Visual Studio Solution File, Format Version 12.00
# Visual Studio Version 17
VisualStudioVersion = 17.8.34408.163
MinimumVisualStudioVersion = 10.0.40219.1
Project("{FAE04EC0-301F-11D3-BF4B-00C04F79EFBC}") = "ProjectManager", "ProjectManager\ProjectManager.csproj", "{47B1A6F1-D610-4530-8BBE-AFD16DF820FA}"
EndProject
Global
	GlobalSection(SolutionConfigurationPlatforms) = preSolution
		Debug|Any CPU = Debug|Any CPU
		Release|Any CPU = Release|Any CPU
	EndGlobalSection
	GlobalSection(ProjectConfigurationPlatforms) = postSolution
		{47B1A6F1-D610-4530-8BBE-AFD16DF820FA}.Debug|Any CPU.ActiveCfg = Debug|Any CPU
		{47B1A6F1-D610-4530-8BBE-AFD16DF820FA}.Debug|Any CPU.Build.0 = Debug|Any CPU
		{47B1A6F1-D610-4530-8BBE-AFD16DF820FA}.Release|Any CPU.ActiveCfg = Release|Any CPU
		{47B1A6F1-D610-4530-8BBE-AFD16DF820FA}.Release|Any CPU.Build.0 = Release|Any CPU
	EndGlobalSection
	GlobalSection(SolutionProperties) = preSolution
		HideSolutionNode = FALSE
	EndGlobalSection
	GlobalSection(ExtensibilityGlobals) = postSolution
		SolutionGuid = {82273B72-E6BE-4C32-96B4-D3D2C97330F2}
	EndGlobalSection
EndGlobal
